
Microsoft Visual Studio Solution File, Format Version 12.00
# Visual Studio Version 17
VisualStudioVersion = 17.2.32516.85
MinimumVisualStudioVersion = 10.0.40219.1
Project("{9A19103F-16F7-4668-BE54-9A1E7A4F7556}") = "LaCantine", "WebApp\LaCantine.csproj", "{9BD52A12-84EC-434A-A6BE-798E74E23A8C}"
EndProject
Project("{9A19103F-16F7-4668-BE54-9A1E7A4F7556}") = "LaCantineTest", "LaCantineTest\LaCantineTest.csproj", "{DE8C7AC9-2DF7-4058-80EB-C9DF893828B4}"
EndProject
Project("{54A90642-561A-4BB1-A94E-469ADEE60C69}") = "LaCantineFront", "angularproject1\LaCantineFront.esproj", "{1232C949-1E5B-4E79-A256-0A5F022D744F}"
EndProject
Global
	GlobalSection(SolutionConfigurationPlatforms) = preSolution
		Debug|Any CPU = Debug|Any CPU
		Release|Any CPU = Release|Any CPU
	EndGlobalSection
	GlobalSection(ProjectConfigurationPlatforms) = postSolution
		{9BD52A12-84EC-434A-A6BE-798E74E23A8C}.Debug|Any CPU.ActiveCfg = Debug|Any CPU
		{9BD52A12-84EC-434A-A6BE-798E74E23A8C}.Debug|Any CPU.Build.0 = Debug|Any CPU
		{9BD52A12-84EC-434A-A6BE-798E74E23A8C}.Release|Any CPU.ActiveCfg = Release|Any CPU
		{9BD52A12-84EC-434A-A6BE-798E74E23A8C}.Release|Any CPU.Build.0 = Release|Any CPU
		{DE8C7AC9-2DF7-4058-80EB-C9DF893828B4}.Debug|Any CPU.ActiveCfg = Debug|Any CPU
		{DE8C7AC9-2DF7-4058-80EB-C9DF893828B4}.Debug|Any CPU.Build.0 = Debug|Any CPU
		{DE8C7AC9-2DF7-4058-80EB-C9DF893828B4}.Release|Any CPU.ActiveCfg = Release|Any CPU
		{DE8C7AC9-2DF7-4058-80EB-C9DF893828B4}.Release|Any CPU.Build.0 = Release|Any CPU
		{1232C949-1E5B-4E79-A256-0A5F022D744F}.Debug|Any CPU.ActiveCfg = Debug|Any CPU
		{1232C949-1E5B-4E79-A256-0A5F022D744F}.Debug|Any CPU.Build.0 = Debug|Any CPU
		{1232C949-1E5B-4E79-A256-0A5F022D744F}.Debug|Any CPU.Deploy.0 = Debug|Any CPU
		{1232C949-1E5B-4E79-A256-0A5F022D744F}.Release|Any CPU.ActiveCfg = Release|Any CPU
		{1232C949-1E5B-4E79-A256-0A5F022D744F}.Release|Any CPU.Build.0 = Release|Any CPU
		{1232C949-1E5B-4E79-A256-0A5F022D744F}.Release|Any CPU.Deploy.0 = Release|Any CPU
	EndGlobalSection
	GlobalSection(SolutionProperties) = preSolution
		HideSolutionNode = FALSE
	EndGlobalSection
	GlobalSection(ExtensibilityGlobals) = postSolution
		SolutionGuid = {E5724FE2-5223-47C6-84EA-B3695689FF40}
	EndGlobalSection
EndGlobal
